
Microsoft Visual Studio Solution File, Format Version 12.00
# Visual Studio Version 17
VisualStudioVersion = 17.0.31903.59
MinimumVisualStudioVersion = 10.0.40219.1
Project("{2150E333-8FDC-42A3-9474-1A3956D46DE8}") = "src", "src", "{827E0CD3-B72D-47B6-A68D-7590B98EB39B}"
EndProject
Project("{FAE04EC0-301F-11D3-BF4B-00C04F79EFBC}") = "Carsties.AuctionService", "src\Carsties.AuctionService\Carsties.AuctionService.csproj", "{C1D52BFE-6E3C-4C03-9004-78C70F23EB85}"
EndProject
Project("{FAE04EC0-301F-11D3-BF4B-00C04F79EFBC}") = "Carsties.Mapping", "src\Shared\Carsties.Mapping\Carsties.Mapping.csproj", "{9C805F33-A612-4BC2-8D26-71AC7FE8E65C}"
EndProject
Project("{FAE04EC0-301F-11D3-BF4B-00C04F79EFBC}") = "Carsties.Contracts", "src\Shared\Carsties.Contracts\Carsties.Contracts.csproj", "{39D32CB1-EFE1-48AC-AC1E-78AD74A60673}"
EndProject
Project("{FAE04EC0-301F-11D3-BF4B-00C04F79EFBC}") = "Carsties.SearchService", "src\Carsties.SearchService\Carsties.SearchService.csproj", "{3751880E-999C-476E-936F-09926B628FFC}"
EndProject
Project("{FAE04EC0-301F-11D3-BF4B-00C04F79EFBC}") = "Carsites.IdentityService", "src\Carsites.IdentityService\Carsites.IdentityService.csproj", "{F76350BE-1589-46C2-8E6F-055956F33087}"
EndProject
Global
	GlobalSection(SolutionConfigurationPlatforms) = preSolution
		Debug|Any CPU = Debug|Any CPU
		Debug|x64 = Debug|x64
		Debug|x86 = Debug|x86
		Release|Any CPU = Release|Any CPU
		Release|x64 = Release|x64
		Release|x86 = Release|x86
	EndGlobalSection
	GlobalSection(ProjectConfigurationPlatforms) = postSolution
		{C1D52BFE-6E3C-4C03-9004-78C70F23EB85}.Debug|Any CPU.ActiveCfg = Debug|Any CPU
		{C1D52BFE-6E3C-4C03-9004-78C70F23EB85}.Debug|Any CPU.Build.0 = Debug|Any CPU
		{C1D52BFE-6E3C-4C03-9004-78C70F23EB85}.Debug|x64.ActiveCfg = Debug|Any CPU
		{C1D52BFE-6E3C-4C03-9004-78C70F23EB85}.Debug|x64.Build.0 = Debug|Any CPU
		{C1D52BFE-6E3C-4C03-9004-78C70F23EB85}.Debug|x86.ActiveCfg = Debug|Any CPU
		{C1D52BFE-6E3C-4C03-9004-78C70F23EB85}.Debug|x86.Build.0 = Debug|Any CPU
		{C1D52BFE-6E3C-4C03-9004-78C70F23EB85}.Release|Any CPU.ActiveCfg = Release|Any CPU
		{C1D52BFE-6E3C-4C03-9004-78C70F23EB85}.Release|Any CPU.Build.0 = Release|Any CPU
		{C1D52BFE-6E3C-4C03-9004-78C70F23EB85}.Release|x64.ActiveCfg = Release|Any CPU
		{C1D52BFE-6E3C-4C03-9004-78C70F23EB85}.Release|x64.Build.0 = Release|Any CPU
		{C1D52BFE-6E3C-4C03-9004-78C70F23EB85}.Release|x86.ActiveCfg = Release|Any CPU
		{C1D52BFE-6E3C-4C03-9004-78C70F23EB85}.Release|x86.Build.0 = Release|Any CPU
		{9C805F33-A612-4BC2-8D26-71AC7FE8E65C}.Debug|Any CPU.ActiveCfg = Debug|Any CPU
		{9C805F33-A612-4BC2-8D26-71AC7FE8E65C}.Debug|Any CPU.Build.0 = Debug|Any CPU
		{9C805F33-A612-4BC2-8D26-71AC7FE8E65C}.Debug|x64.ActiveCfg = Debug|Any CPU
		{9C805F33-A612-4BC2-8D26-71AC7FE8E65C}.Debug|x64.Build.0 = Debug|Any CPU
		{9C805F33-A612-4BC2-8D26-71AC7FE8E65C}.Debug|x86.ActiveCfg = Debug|Any CPU
		{9C805F33-A612-4BC2-8D26-71AC7FE8E65C}.Debug|x86.Build.0 = Debug|Any CPU
		{9C805F33-A612-4BC2-8D26-71AC7FE8E65C}.Release|Any CPU.ActiveCfg = Release|Any CPU
		{9C805F33-A612-4BC2-8D26-71AC7FE8E65C}.Release|Any CPU.Build.0 = Release|Any CPU
		{9C805F33-A612-4BC2-8D26-71AC7FE8E65C}.Release|x64.ActiveCfg = Release|Any CPU
		{9C805F33-A612-4BC2-8D26-71AC7FE8E65C}.Release|x64.Build.0 = Release|Any CPU
		{9C805F33-A612-4BC2-8D26-71AC7FE8E65C}.Release|x86.ActiveCfg = Release|Any CPU
		{9C805F33-A612-4BC2-8D26-71AC7FE8E65C}.Release|x86.Build.0 = Release|Any CPU
		{39D32CB1-EFE1-48AC-AC1E-78AD74A60673}.Debug|Any CPU.ActiveCfg = Debug|Any CPU
		{39D32CB1-EFE1-48AC-AC1E-78AD74A60673}.Debug|Any CPU.Build.0 = Debug|Any CPU
		{39D32CB1-EFE1-48AC-AC1E-78AD74A60673}.Debug|x64.ActiveCfg = Debug|Any CPU
		{39D32CB1-EFE1-48AC-AC1E-78AD74A60673}.Debug|x64.Build.0 = Debug|Any CPU
		{39D32CB1-EFE1-48AC-AC1E-78AD74A60673}.Debug|x86.ActiveCfg = Debug|Any CPU
		{39D32CB1-EFE1-48AC-AC1E-78AD74A60673}.Debug|x86.Build.0 = Debug|Any CPU
		{39D32CB1-EFE1-48AC-AC1E-78AD74A60673}.Release|Any CPU.ActiveCfg = Release|Any CPU
		{39D32CB1-EFE1-48AC-AC1E-78AD74A60673}.Release|Any CPU.Build.0 = Release|Any CPU
		{39D32CB1-EFE1-48AC-AC1E-78AD74A60673}.Release|x64.ActiveCfg = Release|Any CPU
		{39D32CB1-EFE1-48AC-AC1E-78AD74A60673}.Release|x64.Build.0 = Release|Any CPU
		{39D32CB1-EFE1-48AC-AC1E-78AD74A60673}.Release|x86.ActiveCfg = Release|Any CPU
		{39D32CB1-EFE1-48AC-AC1E-78AD74A60673}.Release|x86.Build.0 = Release|Any CPU
		{3751880E-999C-476E-936F-09926B628FFC}.Debug|Any CPU.ActiveCfg = Debug|Any CPU
		{3751880E-999C-476E-936F-09926B628FFC}.Debug|Any CPU.Build.0 = Debug|Any CPU
		{3751880E-999C-476E-936F-09926B628FFC}.Debug|x64.ActiveCfg = Debug|Any CPU
		{3751880E-999C-476E-936F-09926B628FFC}.Debug|x64.Build.0 = Debug|Any CPU
		{3751880E-999C-476E-936F-09926B628FFC}.Debug|x86.ActiveCfg = Debug|Any CPU
		{3751880E-999C-476E-936F-09926B628FFC}.Debug|x86.Build.0 = Debug|Any CPU
		{3751880E-999C-476E-936F-09926B628FFC}.Release|Any CPU.ActiveCfg = Release|Any CPU
		{3751880E-999C-476E-936F-09926B628FFC}.Release|Any CPU.Build.0 = Release|Any CPU
		{3751880E-999C-476E-936F-09926B628FFC}.Release|x64.ActiveCfg = Release|Any CPU
		{3751880E-999C-476E-936F-09926B628FFC}.Release|x64.Build.0 = Release|Any CPU
		{3751880E-999C-476E-936F-09926B628FFC}.Release|x86.ActiveCfg = Release|Any CPU
		{3751880E-999C-476E-936F-09926B628FFC}.Release|x86.Build.0 = Release|Any CPU
		{F76350BE-1589-46C2-8E6F-055956F33087}.Debug|Any CPU.ActiveCfg = Debug|Any CPU
		{F76350BE-1589-46C2-8E6F-055956F33087}.Debug|Any CPU.Build.0 = Debug|Any CPU
		{F76350BE-1589-46C2-8E6F-055956F33087}.Debug|x64.ActiveCfg = Debug|Any CPU
		{F76350BE-1589-46C2-8E6F-055956F33087}.Debug|x64.Build.0 = Debug|Any CPU
		{F76350BE-1589-46C2-8E6F-055956F33087}.Debug|x86.ActiveCfg = Debug|Any CPU
		{F76350BE-1589-46C2-8E6F-055956F33087}.Debug|x86.Build.0 = Debug|Any CPU
		{F76350BE-1589-46C2-8E6F-055956F33087}.Release|Any CPU.ActiveCfg = Release|Any CPU
		{F76350BE-1589-46C2-8E6F-055956F33087}.Release|Any CPU.Build.0 = Release|Any CPU
		{F76350BE-1589-46C2-8E6F-055956F33087}.Release|x64.ActiveCfg = Release|Any CPU
		{F76350BE-1589-46C2-8E6F-055956F33087}.Release|x64.Build.0 = Release|Any CPU
		{F76350BE-1589-46C2-8E6F-055956F33087}.Release|x86.ActiveCfg = Release|Any CPU
		{F76350BE-1589-46C2-8E6F-055956F33087}.Release|x86.Build.0 = Release|Any CPU
	EndGlobalSection
	GlobalSection(SolutionProperties) = preSolution
		HideSolutionNode = FALSE
	EndGlobalSection
	GlobalSection(NestedProjects) = preSolution
		{C1D52BFE-6E3C-4C03-9004-78C70F23EB85} = {827E0CD3-B72D-47B6-A68D-7590B98EB39B}
		{9C805F33-A612-4BC2-8D26-71AC7FE8E65C} = {827E0CD3-B72D-47B6-A68D-7590B98EB39B}
		{39D32CB1-EFE1-48AC-AC1E-78AD74A60673} = {827E0CD3-B72D-47B6-A68D-7590B98EB39B}
		{3751880E-999C-476E-936F-09926B628FFC} = {827E0CD3-B72D-47B6-A68D-7590B98EB39B}
		{F76350BE-1589-46C2-8E6F-055956F33087} = {827E0CD3-B72D-47B6-A68D-7590B98EB39B}
	EndGlobalSection
EndGlobal
